dependencies:
  button:
    component_hash: null
    source:
      path: C:\Users\hongh\esp\v5.2\esp-idf\examples\bluetooth\esp_ble_mesh\common_components\button
      type: local
    version: '*'
  example_init:
    component_hash: null
    source:
      path: C:\Users\hongh\esp\v5.2\esp-idf\examples\bluetooth\esp_ble_mesh\common_components\example_init
      type: local
    version: '*'
  example_nvs:
    component_hash: null
    source:
      path: C:\Users\hongh\esp\v5.2\esp-idf\examples\bluetooth\esp_ble_mesh\common_components\example_nvs
      type: local
    version: '*'
  idf:
    component_hash: null
    source:
      type: idf
    version: 5.2.0
  light_driver:
    component_hash: null
    source:
      path: C:\Users\hongh\esp\v5.2\esp-idf\examples\bluetooth\esp_ble_mesh\common_components\light_driver
      type: local
    version: '*'
manifest_hash: be16936c8fcbd26574c0282ebd04512d8255614b3787d736be2162b2753baba5
target: esp32h2
version: 1.0.0
